
Microsoft Visual Studio Solution File, Format Version 12.00
# Visual Studio Version 17
VisualStudioVersion = 17.6.33829.357
MinimumVisualStudioVersion = 10.0.40219.1
Project("{FAE04EC0-301F-11D3-BF4B-00C04F79EFBC}") = "App", "App\App.csproj", "{C8A4A70A-7006-4862-ADFE-A30ECCA13B65}"
EndProject
Project("{FAE04EC0-301F-11D3-BF4B-00C04F79EFBC}") = "Tests", "Tests\Tests.csproj", "{4AE71241-6A6F-4F6B-B29A-3D6993EB19A9}"
EndProject
Global
	GlobalSection(SolutionConfigurationPlatforms) = preSolution
		Debug|Any CPU = Debug|Any CPU
		Release|Any CPU = Release|Any CPU
	EndGlobalSection
	GlobalSection(ProjectConfigurationPlatforms) = postSolution
		{C8A4A70A-7006-4862-ADFE-A30ECCA13B65}.Debug|Any CPU.ActiveCfg = Debug|Any CPU
		{C8A4A70A-7006-4862-ADFE-A30ECCA13B65}.Debug|Any CPU.Build.0 = Debug|Any CPU
		{C8A4A70A-7006-4862-ADFE-A30ECCA13B65}.Release|Any CPU.ActiveCfg = Release|Any CPU
		{C8A4A70A-7006-4862-ADFE-A30ECCA13B65}.Release|Any CPU.Build.0 = Release|Any CPU
		{4AE71241-6A6F-4F6B-B29A-3D6993EB19A9}.Debug|Any CPU.ActiveCfg = Debug|Any CPU
		{4AE71241-6A6F-4F6B-B29A-3D6993EB19A9}.Debug|Any CPU.Build.0 = Debug|Any CPU
		{4AE71241-6A6F-4F6B-B29A-3D6993EB19A9}.Release|Any CPU.ActiveCfg = Release|Any CPU
		{4AE71241-6A6F-4F6B-B29A-3D6993EB19A9}.Release|Any CPU.Build.0 = Release|Any CPU
	EndGlobalSection
	GlobalSection(SolutionProperties) = preSolution
		HideSolutionNode = FALSE
	EndGlobalSection
	GlobalSection(ExtensibilityGlobals) = postSolution
		SolutionGuid = {FC0E8C3F-D80E-47E4-B626-4637C66D2A52}
	EndGlobalSection
EndGlobal
